
Microsoft Visual Studio Solution File, Format Version 12.00
# Visual Studio Version 16
VisualStudioVersion = 16.0.31702.278
MinimumVisualStudioVersion = 10.0.40219.1
Project("{FAE04EC0-301F-11D3-BF4B-00C04F79EFBC}") = "ProjectDemo", "ProjectDemo\ProjectDemo.csproj", "{AF2ED46C-4321-4942-8855-31A95C88939B}"
EndProject
Global
	GlobalSection(SolutionConfigurationPlatforms) = preSolution
		Debug|Any CPU = Debug|Any CPU
		Release|Any CPU = Release|Any CPU
	EndGlobalSection
	GlobalSection(ProjectConfigurationPlatforms) = postSolution
		{AF2ED46C-4321-4942-8855-31A95C88939B}.Debug|Any CPU.ActiveCfg = Debug|Any CPU
		{AF2ED46C-4321-4942-8855-31A95C88939B}.Debug|Any CPU.Build.0 = Debug|Any CPU
		{AF2ED46C-4321-4942-8855-31A95C88939B}.Release|Any CPU.ActiveCfg = Release|Any CPU
		{AF2ED46C-4321-4942-8855-31A95C88939B}.Release|Any CPU.Build.0 = Release|Any CPU
	EndGlobalSection
	GlobalSection(SolutionProperties) = preSolution
		HideSolutionNode = FALSE
	EndGlobalSection
	GlobalSection(ExtensibilityGlobals) = postSolution
		SolutionGuid = {0ABFCCA4-1FC5-4474-9CBE-9348E739A218}
	EndGlobalSection
EndGlobal
